
Microsoft Visual Studio Solution File, Format Version 12.00
# Visual Studio Version 16
VisualStudioVersion = 16.0.30011.22
MinimumVisualStudioVersion = 10.0.40219.1
Project("{FAE04EC0-301F-11D3-BF4B-00C04F79EFBC}") = "PickeringSwitches", "PickeringSwitches\PickeringSwitches.csproj", "{EE657B65-924A-4A3A-AED2-D91BA6CE74BC}"
EndProject
Global
	GlobalSection(SolutionConfigurationPlatforms) = preSolution
		Debug|Any CPU = Debug|Any CPU
		Release|Any CPU = Release|Any CPU
	EndGlobalSection
	GlobalSection(ProjectConfigurationPlatforms) = postSolution
		{EE657B65-924A-4A3A-AED2-D91BA6CE74BC}.Debug|Any CPU.ActiveCfg = Debug|Any CPU
		{EE657B65-924A-4A3A-AED2-D91BA6CE74BC}.Debug|Any CPU.Build.0 = Debug|Any CPU
		{EE657B65-924A-4A3A-AED2-D91BA6CE74BC}.Release|Any CPU.ActiveCfg = Release|Any CPU
		{EE657B65-924A-4A3A-AED2-D91BA6CE74BC}.Release|Any CPU.Build.0 = Release|Any CPU
	EndGlobalSection
	GlobalSection(SolutionProperties) = preSolution
		HideSolutionNode = FALSE
	EndGlobalSection
	GlobalSection(ExtensibilityGlobals) = postSolution
		SolutionGuid = {C9D942D8-C8D0-44A9-BAD7-9105CA064280}
	EndGlobalSection
EndGlobal
